
Microsoft Visual Studio Solution File, Format Version 12.00
# Visual Studio Version 16
VisualStudioVersion = 16.0.31624.102
MinimumVisualStudioVersion = 10.0.40219.1
Project("{FAE04EC0-301F-11D3-BF4B-00C04F79EFBC}") = "ExampleImplementation", "ExampleImplementation\ExampleImplementation.csproj", "{6BF56B9C-E6FD-4197-A1E3-2A37E0275D96}"
EndProject
Project("{FAE04EC0-301F-11D3-BF4B-00C04F79EFBC}") = "ExampleTestProject", "ExampleTestProject\ExampleTestProject.csproj", "{7225D58C-D073-4657-A783-8A0E238EB88E}"
EndProject
Global
	GlobalSection(SolutionConfigurationPlatforms) = preSolution
		Debug|Any CPU = Debug|Any CPU
		Release|Any CPU = Release|Any CPU
	EndGlobalSection
	GlobalSection(ProjectConfigurationPlatforms) = postSolution
		{6BF56B9C-E6FD-4197-A1E3-2A37E0275D96}.Debug|Any CPU.ActiveCfg = Debug|Any CPU
		{6BF56B9C-E6FD-4197-A1E3-2A37E0275D96}.Debug|Any CPU.Build.0 = Debug|Any CPU
		{6BF56B9C-E6FD-4197-A1E3-2A37E0275D96}.Release|Any CPU.ActiveCfg = Release|Any CPU
		{6BF56B9C-E6FD-4197-A1E3-2A37E0275D96}.Release|Any CPU.Build.0 = Release|Any CPU
		{7225D58C-D073-4657-A783-8A0E238EB88E}.Debug|Any CPU.ActiveCfg = Debug|Any CPU
		{7225D58C-D073-4657-A783-8A0E238EB88E}.Debug|Any CPU.Build.0 = Debug|Any CPU
		{7225D58C-D073-4657-A783-8A0E238EB88E}.Release|Any CPU.ActiveCfg = Release|Any CPU
		{7225D58C-D073-4657-A783-8A0E238EB88E}.Release|Any CPU.Build.0 = Release|Any CPU
	EndGlobalSection
	GlobalSection(SolutionProperties) = preSolution
		HideSolutionNode = FALSE
	EndGlobalSection
	GlobalSection(ExtensibilityGlobals) = postSolution
		SolutionGuid = {AA71A9BE-136E-4B5D-879B-2542F957F30E}
	EndGlobalSection
EndGlobal
